
Microsoft Visual Studio Solution File, Format Version 12.00
# Visual Studio Version 17
VisualStudioVersion = 17.7.34009.444
MinimumVisualStudioVersion = 10.0.40219.1
Project("{2150E333-8FDC-42A3-9474-1A3956D46DE8}") = "OnlineStore.СatalogService", "OnlineStore.СatalogService", "{7ECF3C30-039A-47BF-9DC8-A6B6C3096AF4}"
EndProject
Project("{2150E333-8FDC-42A3-9474-1A3956D46DE8}") = "Presentation", "Presentation", "{923A4AEC-7AE3-4070-9800-B25598B4A9CA}"
EndProject
Project("{2150E333-8FDC-42A3-9474-1A3956D46DE8}") = "Infrastructure", "Infrastructure", "{A933C0EF-1D12-40C3-AE55-7420BB81CA44}"
EndProject
Project("{2150E333-8FDC-42A3-9474-1A3956D46DE8}") = "Domain", "Domain", "{5EF2635B-7E77-4B4E-860B-8C02CF497CC4}"
EndProject
Project("{2150E333-8FDC-42A3-9474-1A3956D46DE8}") = "Application", "Application", "{43FA1D98-B9DC-4688-A4E1-01F78F8D780A}"
EndProject
Project("{FAE04EC0-301F-11D3-BF4B-00C04F79EFBC}") = "Catalog.Application", "OnlineStore.СatalogService\Catalog.Application\Catalog.Application.csproj", "{F0ED7AEF-7E48-427B-9B86-1D051CF24CE0}"
EndProject
Project("{FAE04EC0-301F-11D3-BF4B-00C04F79EFBC}") = "Catalog.Domain", "OnlineStore.СatalogService\Catalog.Domain\Catalog.Domain.csproj", "{341369AA-FB13-47A3-A268-9840A8CCAD79}"
EndProject
Project("{FAE04EC0-301F-11D3-BF4B-00C04F79EFBC}") = "Catalog.Persistence", "OnlineStore.СatalogService\Catalog.Persistence\Catalog.Persistence.csproj", "{DEA34186-F582-42AD-98BD-A06387C0D9E6}"
EndProject
Project("{FAE04EC0-301F-11D3-BF4B-00C04F79EFBC}") = "Catalog.WebApi", "OnlineStore.СatalogService\Catalog.WebApi\Catalog.WebApi.csproj", "{CE05E2AE-BEE0-4A4F-8535-15C91DB72555}"
EndProject
Project("{2150E333-8FDC-42A3-9474-1A3956D46DE8}") = "OnlineStore.ShoppingCartService", "OnlineStore.ShoppingCartService", "{CD5A5721-4AD9-481C-9B3D-65F6E12C4B04}"
EndProject
Project("{2150E333-8FDC-42A3-9474-1A3956D46DE8}") = "Presentation", "Presentation", "{1CD6B472-E249-499B-9204-F8F917B1E73A}"
EndProject
Project("{2150E333-8FDC-42A3-9474-1A3956D46DE8}") = "Infrastructure", "Infrastructure", "{C4814143-E50B-4B89-BDC2-4B1BF85EE3BC}"
EndProject
Project("{2150E333-8FDC-42A3-9474-1A3956D46DE8}") = "Domain", "Domain", "{3EBF9010-CCCF-40A4-AD33-1C77DF1F31C1}"
EndProject
Project("{2150E333-8FDC-42A3-9474-1A3956D46DE8}") = "Application", "Application", "{A5976B14-8526-43C3-8920-E92FD4D98C14}"
EndProject
Project("{FAE04EC0-301F-11D3-BF4B-00C04F79EFBC}") = "ShoppingCart.Application", "OnlineStore.ShoppingCartService\ShoppingCart.Application\ShoppingCart.Application.csproj", "{36EDE125-70F9-4254-B489-6BE1F4D4D1C4}"
EndProject
Project("{FAE04EC0-301F-11D3-BF4B-00C04F79EFBC}") = "ShoppingCart.Domain", "OnlineStore.ShoppingCartService\ShoppingCart.Domain\ShoppingCart.Domain.csproj", "{EAB64EF0-E3D2-462D-933E-80739099C2AE}"
EndProject
Project("{FAE04EC0-301F-11D3-BF4B-00C04F79EFBC}") = "ShoppingCart.Persistence", "OnlineStore.ShoppingCartService\ShoppingCart.Persistence\ShoppingCart.Persistence.csproj", "{718423C3-9117-44E1-A2D1-26E9A17A4D59}"
EndProject
Project("{FAE04EC0-301F-11D3-BF4B-00C04F79EFBC}") = "ShoppingCart.WebApi", "OnlineStore.ShoppingCartService\ShoppingCart.WebApi\ShoppingCart.WebApi.csproj", "{5BCF6E6F-BE7F-48EF-BFE3-406C0AD13BB7}"
EndProject
Project("{2150E333-8FDC-42A3-9474-1A3956D46DE8}") = "OnlineStore.OrderService", "OnlineStore.OrderService", "{D01EAC2E-9797-4497-BB17-9759A6BD2D0C}"
EndProject
Project("{2150E333-8FDC-42A3-9474-1A3956D46DE8}") = "Presentation", "Presentation", "{6F1A48A2-323A-4135-8285-C2AFB707FAE2}"
EndProject
Project("{2150E333-8FDC-42A3-9474-1A3956D46DE8}") = "Infrastructure", "Infrastructure", "{46CF6450-A5CD-4B73-94F6-0E2C4D3E443A}"
EndProject
Project("{2150E333-8FDC-42A3-9474-1A3956D46DE8}") = "Domain", "Domain", "{E3881D19-9E6B-40D0-8839-15BFCA108A1A}"
EndProject
Project("{2150E333-8FDC-42A3-9474-1A3956D46DE8}") = "Application", "Application", "{C97EA4BE-93DF-40AA-88AE-39F59C28D80F}"
EndProject
Project("{FAE04EC0-301F-11D3-BF4B-00C04F79EFBC}") = "Order.Application", "OnlineStore.OrderService\Order.Application\Order.Application.csproj", "{FEF03AE6-787C-4A7F-9BE6-40F023ACF4CA}"
EndProject
Project("{FAE04EC0-301F-11D3-BF4B-00C04F79EFBC}") = "Order.Domain", "OnlineStore.OrderService\Order.Domain\Order.Domain.csproj", "{1FA4BC94-7127-448B-8E29-95246E8483F5}"
EndProject
Project("{FAE04EC0-301F-11D3-BF4B-00C04F79EFBC}") = "Order.Infrastructure", "OnlineStore.OrderService\Order.Infrastructure\Order.Infrastructure.csproj", "{DB30025C-59A7-493F-BB6A-04829F7D0B35}"
EndProject
Project("{FAE04EC0-301F-11D3-BF4B-00C04F79EFBC}") = "Order.WebApi", "OnlineStore.OrderService\Order.WebApi\Order.WebApi.csproj", "{0EA1A07D-5B94-4946-9D9E-CEBA7BE2A3D5}"
EndProject
Global
	GlobalSection(SolutionConfigurationPlatforms) = preSolution
		Debug|Any CPU = Debug|Any CPU
		Release|Any CPU = Release|Any CPU
	EndGlobalSection
	GlobalSection(ProjectConfigurationPlatforms) = postSolution
		{F0ED7AEF-7E48-427B-9B86-1D051CF24CE0}.Debug|Any CPU.ActiveCfg = Debug|Any CPU
		{F0ED7AEF-7E48-427B-9B86-1D051CF24CE0}.Debug|Any CPU.Build.0 = Debug|Any CPU
		{F0ED7AEF-7E48-427B-9B86-1D051CF24CE0}.Release|Any CPU.ActiveCfg = Release|Any CPU
		{F0ED7AEF-7E48-427B-9B86-1D051CF24CE0}.Release|Any CPU.Build.0 = Release|Any CPU
		{341369AA-FB13-47A3-A268-9840A8CCAD79}.Debug|Any CPU.ActiveCfg = Debug|Any CPU
		{341369AA-FB13-47A3-A268-9840A8CCAD79}.Debug|Any CPU.Build.0 = Debug|Any CPU
		{341369AA-FB13-47A3-A268-9840A8CCAD79}.Release|Any CPU.ActiveCfg = Release|Any CPU
		{341369AA-FB13-47A3-A268-9840A8CCAD79}.Release|Any CPU.Build.0 = Release|Any CPU
		{DEA34186-F582-42AD-98BD-A06387C0D9E6}.Debug|Any CPU.ActiveCfg = Debug|Any CPU
		{DEA34186-F582-42AD-98BD-A06387C0D9E6}.Debug|Any CPU.Build.0 = Debug|Any CPU
		{DEA34186-F582-42AD-98BD-A06387C0D9E6}.Release|Any CPU.ActiveCfg = Release|Any CPU
		{DEA34186-F582-42AD-98BD-A06387C0D9E6}.Release|Any CPU.Build.0 = Release|Any CPU
		{CE05E2AE-BEE0-4A4F-8535-15C91DB72555}.Debug|Any CPU.ActiveCfg = Debug|Any CPU
		{CE05E2AE-BEE0-4A4F-8535-15C91DB72555}.Debug|Any CPU.Build.0 = Debug|Any CPU
		{CE05E2AE-BEE0-4A4F-8535-15C91DB72555}.Release|Any CPU.ActiveCfg = Release|Any CPU
		{CE05E2AE-BEE0-4A4F-8535-15C91DB72555}.Release|Any CPU.Build.0 = Release|Any CPU
		{36EDE125-70F9-4254-B489-6BE1F4D4D1C4}.Debug|Any CPU.ActiveCfg = Debug|Any CPU
		{36EDE125-70F9-4254-B489-6BE1F4D4D1C4}.Debug|Any CPU.Build.0 = Debug|Any CPU
		{36EDE125-70F9-4254-B489-6BE1F4D4D1C4}.Release|Any CPU.ActiveCfg = Release|Any CPU
		{36EDE125-70F9-4254-B489-6BE1F4D4D1C4}.Release|Any CPU.Build.0 = Release|Any CPU
		{EAB64EF0-E3D2-462D-933E-80739099C2AE}.Debug|Any CPU.ActiveCfg = Debug|Any CPU
		{EAB64EF0-E3D2-462D-933E-80739099C2AE}.Debug|Any CPU.Build.0 = Debug|Any CPU
		{EAB64EF0-E3D2-462D-933E-80739099C2AE}.Release|Any CPU.ActiveCfg = Release|Any CPU
		{EAB64EF0-E3D2-462D-933E-80739099C2AE}.Release|Any CPU.Build.0 = Release|Any CPU
		{718423C3-9117-44E1-A2D1-26E9A17A4D59}.Debug|Any CPU.ActiveCfg = Debug|Any CPU
		{718423C3-9117-44E1-A2D1-26E9A17A4D59}.Debug|Any CPU.Build.0 = Debug|Any CPU
		{718423C3-9117-44E1-A2D1-26E9A17A4D59}.Release|Any CPU.ActiveCfg = Release|Any CPU
		{718423C3-9117-44E1-A2D1-26E9A17A4D59}.Release|Any CPU.Build.0 = Release|Any CPU
		{5BCF6E6F-BE7F-48EF-BFE3-406C0AD13BB7}.Debug|Any CPU.ActiveCfg = Debug|Any CPU
		{5BCF6E6F-BE7F-48EF-BFE3-406C0AD13BB7}.Debug|Any CPU.Build.0 = Debug|Any CPU
		{5BCF6E6F-BE7F-48EF-BFE3-406C0AD13BB7}.Release|Any CPU.ActiveCfg = Release|Any CPU
		{5BCF6E6F-BE7F-48EF-BFE3-406C0AD13BB7}.Release|Any CPU.Build.0 = Release|Any CPU
		{FEF03AE6-787C-4A7F-9BE6-40F023ACF4CA}.Debug|Any CPU.ActiveCfg = Debug|Any CPU
		{FEF03AE6-787C-4A7F-9BE6-40F023ACF4CA}.Debug|Any CPU.Build.0 = Debug|Any CPU
		{FEF03AE6-787C-4A7F-9BE6-40F023ACF4CA}.Release|Any CPU.ActiveCfg = Release|Any CPU
		{FEF03AE6-787C-4A7F-9BE6-40F023ACF4CA}.Release|Any CPU.Build.0 = Release|Any CPU
		{1FA4BC94-7127-448B-8E29-95246E8483F5}.Debug|Any CPU.ActiveCfg = Debug|Any CPU
		{1FA4BC94-7127-448B-8E29-95246E8483F5}.Debug|Any CPU.Build.0 = Debug|Any CPU
		{1FA4BC94-7127-448B-8E29-95246E8483F5}.Release|Any CPU.ActiveCfg = Release|Any CPU
		{1FA4BC94-7127-448B-8E29-95246E8483F5}.Release|Any CPU.Build.0 = Release|Any CPU
		{DB30025C-59A7-493F-BB6A-04829F7D0B35}.Debug|Any CPU.ActiveCfg = Debug|Any CPU
		{DB30025C-59A7-493F-BB6A-04829F7D0B35}.Debug|Any CPU.Build.0 = Debug|Any CPU
		{DB30025C-59A7-493F-BB6A-04829F7D0B35}.Release|Any CPU.ActiveCfg = Release|Any CPU
		{DB30025C-59A7-493F-BB6A-04829F7D0B35}.Release|Any CPU.Build.0 = Release|Any CPU
		{0EA1A07D-5B94-4946-9D9E-CEBA7BE2A3D5}.Debug|Any CPU.ActiveCfg = Debug|Any CPU
		{0EA1A07D-5B94-4946-9D9E-CEBA7BE2A3D5}.Debug|Any CPU.Build.0 = Debug|Any CPU
		{0EA1A07D-5B94-4946-9D9E-CEBA7BE2A3D5}.Release|Any CPU.ActiveCfg = Release|Any CPU
		{0EA1A07D-5B94-4946-9D9E-CEBA7BE2A3D5}.Release|Any CPU.Build.0 = Release|Any CPU
	EndGlobalSection
	GlobalSection(SolutionProperties) = preSolution
		HideSolutionNode = FALSE
	EndGlobalSection
	GlobalSection(NestedProjects) = preSolution
		{923A4AEC-7AE3-4070-9800-B25598B4A9CA} = {7ECF3C30-039A-47BF-9DC8-A6B6C3096AF4}
		{A933C0EF-1D12-40C3-AE55-7420BB81CA44} = {7ECF3C30-039A-47BF-9DC8-A6B6C3096AF4}
		{5EF2635B-7E77-4B4E-860B-8C02CF497CC4} = {7ECF3C30-039A-47BF-9DC8-A6B6C3096AF4}
		{43FA1D98-B9DC-4688-A4E1-01F78F8D780A} = {7ECF3C30-039A-47BF-9DC8-A6B6C3096AF4}
		{F0ED7AEF-7E48-427B-9B86-1D051CF24CE0} = {43FA1D98-B9DC-4688-A4E1-01F78F8D780A}
		{341369AA-FB13-47A3-A268-9840A8CCAD79} = {5EF2635B-7E77-4B4E-860B-8C02CF497CC4}
		{DEA34186-F582-42AD-98BD-A06387C0D9E6} = {A933C0EF-1D12-40C3-AE55-7420BB81CA44}
		{CE05E2AE-BEE0-4A4F-8535-15C91DB72555} = {923A4AEC-7AE3-4070-9800-B25598B4A9CA}
		{1CD6B472-E249-499B-9204-F8F917B1E73A} = {CD5A5721-4AD9-481C-9B3D-65F6E12C4B04}
		{C4814143-E50B-4B89-BDC2-4B1BF85EE3BC} = {CD5A5721-4AD9-481C-9B3D-65F6E12C4B04}
		{3EBF9010-CCCF-40A4-AD33-1C77DF1F31C1} = {CD5A5721-4AD9-481C-9B3D-65F6E12C4B04}
		{A5976B14-8526-43C3-8920-E92FD4D98C14} = {CD5A5721-4AD9-481C-9B3D-65F6E12C4B04}
		{36EDE125-70F9-4254-B489-6BE1F4D4D1C4} = {A5976B14-8526-43C3-8920-E92FD4D98C14}
		{EAB64EF0-E3D2-462D-933E-80739099C2AE} = {3EBF9010-CCCF-40A4-AD33-1C77DF1F31C1}
		{718423C3-9117-44E1-A2D1-26E9A17A4D59} = {C4814143-E50B-4B89-BDC2-4B1BF85EE3BC}
		{5BCF6E6F-BE7F-48EF-BFE3-406C0AD13BB7} = {1CD6B472-E249-499B-9204-F8F917B1E73A}
		{6F1A48A2-323A-4135-8285-C2AFB707FAE2} = {D01EAC2E-9797-4497-BB17-9759A6BD2D0C}
		{46CF6450-A5CD-4B73-94F6-0E2C4D3E443A} = {D01EAC2E-9797-4497-BB17-9759A6BD2D0C}
		{E3881D19-9E6B-40D0-8839-15BFCA108A1A} = {D01EAC2E-9797-4497-BB17-9759A6BD2D0C}
		{C97EA4BE-93DF-40AA-88AE-39F59C28D80F} = {D01EAC2E-9797-4497-BB17-9759A6BD2D0C}
		{FEF03AE6-787C-4A7F-9BE6-40F023ACF4CA} = {C97EA4BE-93DF-40AA-88AE-39F59C28D80F}
		{1FA4BC94-7127-448B-8E29-95246E8483F5} = {E3881D19-9E6B-40D0-8839-15BFCA108A1A}
		{DB30025C-59A7-493F-BB6A-04829F7D0B35} = {46CF6450-A5CD-4B73-94F6-0E2C4D3E443A}
		{0EA1A07D-5B94-4946-9D9E-CEBA7BE2A3D5} = {6F1A48A2-323A-4135-8285-C2AFB707FAE2}
	EndGlobalSection
	GlobalSection(ExtensibilityGlobals) = postSolution
		SolutionGuid = {75FF7C6C-0B85-4E27-A8CD-83205A01EC40}
	EndGlobalSection
EndGlobal
