
Microsoft Visual Studio Solution File, Format Version 12.00
# Visual Studio Version 17
VisualStudioVersion = 17.7.34009.444
MinimumVisualStudioVersion = 10.0.40219.1
Project("{2150E333-8FDC-42A3-9474-1A3956D46DE8}") = "OnlineStore.ShoppingCart", "OnlineStore.ShoppingCart", "{CD5A5721-4AD9-481C-9B3D-65F6E12C4B04}"
EndProject
Project("{2150E333-8FDC-42A3-9474-1A3956D46DE8}") = "Presentation", "Presentation", "{1CD6B472-E249-499B-9204-F8F917B1E73A}"
EndProject
Project("{2150E333-8FDC-42A3-9474-1A3956D46DE8}") = "Infrastructure", "Infrastructure", "{C4814143-E50B-4B89-BDC2-4B1BF85EE3BC}"
EndProject
Project("{2150E333-8FDC-42A3-9474-1A3956D46DE8}") = "Domain", "Domain", "{3EBF9010-CCCF-40A4-AD33-1C77DF1F31C1}"
EndProject
Project("{2150E333-8FDC-42A3-9474-1A3956D46DE8}") = "Application", "Application", "{A5976B14-8526-43C3-8920-E92FD4D98C14}"
EndProject
Project("{9A19103F-16F7-4668-BE54-9A1E7A4F7556}") = "ShoppingCart.Application", "OnlineStore.ShoppingCartService\ShoppingCart.Application\ShoppingCart.Application.csproj", "{36EDE125-70F9-4254-B489-6BE1F4D4D1C4}"
EndProject
Project("{9A19103F-16F7-4668-BE54-9A1E7A4F7556}") = "ShoppingCart.Domain", "OnlineStore.ShoppingCartService\ShoppingCart.Domain\ShoppingCart.Domain.csproj", "{EAB64EF0-E3D2-462D-933E-80739099C2AE}"
EndProject
Project("{9A19103F-16F7-4668-BE54-9A1E7A4F7556}") = "ShoppingCart.Persistence", "OnlineStore.ShoppingCartService\ShoppingCart.Persistence\ShoppingCart.Persistence.csproj", "{718423C3-9117-44E1-A2D1-26E9A17A4D59}"
EndProject
Project("{FAE04EC0-301F-11D3-BF4B-00C04F79EFBC}") = "ShoppingCart.WebApi", "OnlineStore.ShoppingCartService\ShoppingCart.WebApi\ShoppingCart.WebApi.csproj", "{90703033-D3C7-4CB6-9CD5-D954C4620A05}"
EndProject
Global
	GlobalSection(SolutionConfigurationPlatforms) = preSolution
		Debug|Any CPU = Debug|Any CPU
		Release|Any CPU = Release|Any CPU
	EndGlobalSection
	GlobalSection(ProjectConfigurationPlatforms) = postSolution
		{36EDE125-70F9-4254-B489-6BE1F4D4D1C4}.Debug|Any CPU.ActiveCfg = Debug|Any CPU
		{36EDE125-70F9-4254-B489-6BE1F4D4D1C4}.Debug|Any CPU.Build.0 = Debug|Any CPU
		{36EDE125-70F9-4254-B489-6BE1F4D4D1C4}.Release|Any CPU.ActiveCfg = Release|Any CPU
		{36EDE125-70F9-4254-B489-6BE1F4D4D1C4}.Release|Any CPU.Build.0 = Release|Any CPU
		{EAB64EF0-E3D2-462D-933E-80739099C2AE}.Debug|Any CPU.ActiveCfg = Debug|Any CPU
		{EAB64EF0-E3D2-462D-933E-80739099C2AE}.Debug|Any CPU.Build.0 = Debug|Any CPU
		{EAB64EF0-E3D2-462D-933E-80739099C2AE}.Release|Any CPU.ActiveCfg = Release|Any CPU
		{EAB64EF0-E3D2-462D-933E-80739099C2AE}.Release|Any CPU.Build.0 = Release|Any CPU
		{718423C3-9117-44E1-A2D1-26E9A17A4D59}.Debug|Any CPU.ActiveCfg = Debug|Any CPU
		{718423C3-9117-44E1-A2D1-26E9A17A4D59}.Debug|Any CPU.Build.0 = Debug|Any CPU
		{718423C3-9117-44E1-A2D1-26E9A17A4D59}.Release|Any CPU.ActiveCfg = Release|Any CPU
		{718423C3-9117-44E1-A2D1-26E9A17A4D59}.Release|Any CPU.Build.0 = Release|Any CPU
		{90703033-D3C7-4CB6-9CD5-D954C4620A05}.Debug|Any CPU.ActiveCfg = Debug|Any CPU
		{90703033-D3C7-4CB6-9CD5-D954C4620A05}.Debug|Any CPU.Build.0 = Debug|Any CPU
		{90703033-D3C7-4CB6-9CD5-D954C4620A05}.Release|Any CPU.ActiveCfg = Release|Any CPU
		{90703033-D3C7-4CB6-9CD5-D954C4620A05}.Release|Any CPU.Build.0 = Release|Any CPU
	EndGlobalSection
	GlobalSection(SolutionProperties) = preSolution
		HideSolutionNode = FALSE
	EndGlobalSection
	GlobalSection(NestedProjects) = preSolution
		{1CD6B472-E249-499B-9204-F8F917B1E73A} = {CD5A5721-4AD9-481C-9B3D-65F6E12C4B04}
		{C4814143-E50B-4B89-BDC2-4B1BF85EE3BC} = {CD5A5721-4AD9-481C-9B3D-65F6E12C4B04}
		{3EBF9010-CCCF-40A4-AD33-1C77DF1F31C1} = {CD5A5721-4AD9-481C-9B3D-65F6E12C4B04}
		{A5976B14-8526-43C3-8920-E92FD4D98C14} = {CD5A5721-4AD9-481C-9B3D-65F6E12C4B04}
		{36EDE125-70F9-4254-B489-6BE1F4D4D1C4} = {A5976B14-8526-43C3-8920-E92FD4D98C14}
		{EAB64EF0-E3D2-462D-933E-80739099C2AE} = {3EBF9010-CCCF-40A4-AD33-1C77DF1F31C1}
		{718423C3-9117-44E1-A2D1-26E9A17A4D59} = {C4814143-E50B-4B89-BDC2-4B1BF85EE3BC}
		{90703033-D3C7-4CB6-9CD5-D954C4620A05} = {1CD6B472-E249-499B-9204-F8F917B1E73A}
	EndGlobalSection
	GlobalSection(ExtensibilityGlobals) = postSolution
		SolutionGuid = {75FF7C6C-0B85-4E27-A8CD-83205A01EC40}
	EndGlobalSection
EndGlobal
