
Microsoft Visual Studio Solution File, Format Version 12.00
# Visual Studio Version 17
VisualStudioVersion = 17.7.34009.444
MinimumVisualStudioVersion = 10.0.40219.1
Project("{2150E333-8FDC-42A3-9474-1A3956D46DE8}") = "OnlineStore", "OnlineStore", "{F82A7ACB-15F7-44EF-96ED-F9178351BD35}"
EndProject
Project("{2150E333-8FDC-42A3-9474-1A3956D46DE8}") = "BuisnessLayer", "BuisnessLayer", "{6EC7A4FB-54AE-4B05-B87A-E14390A74473}"
EndProject
Project("{2150E333-8FDC-42A3-9474-1A3956D46DE8}") = "DataAccessLayer", "DataAccessLayer", "{0D87F307-CE3B-429C-85C6-768CACA5D401}"
EndProject
Project("{2150E333-8FDC-42A3-9474-1A3956D46DE8}") = "WebApi", "WebApi", "{AF63190F-2C79-4763-BF4E-8DC9BBC15C9F}"
EndProject
Project("{FAE04EC0-301F-11D3-BF4B-00C04F79EFBC}") = "Auth.WebApi", "OnlineStore.AuthorizationService\Auth.WebApi\Auth.WebApi.csproj", "{D86DBBB8-E6B1-4B96-B079-D9798EF6AC17}"
EndProject
Project("{FAE04EC0-301F-11D3-BF4B-00C04F79EFBC}") = "Auth.DataAccessLayer", "OnlineStore.AuthorizationService\Auth.DataAccessLayer\Auth.DataAccessLayer.csproj", "{8A093BAA-293D-429A-8B61-A49D2A3D2DC2}"
EndProject
Project("{FAE04EC0-301F-11D3-BF4B-00C04F79EFBC}") = "Auth.BuisnessLayer", "OnlineStore.AuthorizationService\Auth.BuisnessLayer\Auth.BuisnessLayer.csproj", "{D037D804-E7CC-41F7-99F8-94B223AFFA7C}"
EndProject
Project("{2150E333-8FDC-42A3-9474-1A3956D46DE8}") = "Presentation", "Presentation", "{923A4AEC-7AE3-4070-9800-B25598B4A9CA}"
EndProject
Project("{2150E333-8FDC-42A3-9474-1A3956D46DE8}") = "Infrastructure", "Infrastructure", "{A933C0EF-1D12-40C3-AE55-7420BB81CA44}"
EndProject
Project("{2150E333-8FDC-42A3-9474-1A3956D46DE8}") = "Domain", "Domain", "{5EF2635B-7E77-4B4E-860B-8C02CF497CC4}"
EndProject
Project("{2150E333-8FDC-42A3-9474-1A3956D46DE8}") = "Application", "Application", "{43FA1D98-B9DC-4688-A4E1-01F78F8D780A}"
EndProject
Project("{9A19103F-16F7-4668-BE54-9A1E7A4F7556}") = "Catalog.Application", "OnlineStore.СatalogService\Catalog.Application\Catalog.Application.csproj", "{F0ED7AEF-7E48-427B-9B86-1D051CF24CE0}"
EndProject
Project("{9A19103F-16F7-4668-BE54-9A1E7A4F7556}") = "Catalog.Domain", "OnlineStore.СatalogService\Catalog.Domain\Catalog.Domain.csproj", "{341369AA-FB13-47A3-A268-9840A8CCAD79}"
EndProject
Project("{9A19103F-16F7-4668-BE54-9A1E7A4F7556}") = "Catalog.Persistence", "OnlineStore.СatalogService\Catalog.Persistence\Catalog.Persistence.csproj", "{DEA34186-F582-42AD-98BD-A06387C0D9E6}"
EndProject
Project("{9A19103F-16F7-4668-BE54-9A1E7A4F7556}") = "Catalog.WebApi", "OnlineStore.СatalogService\Catalog.WebApi\Catalog.WebApi.csproj", "{60653495-DDF3-4FA7-819F-F94D54EF48B3}"
EndProject
Global
	GlobalSection(SolutionConfigurationPlatforms) = preSolution
		Debug|Any CPU = Debug|Any CPU
		Release|Any CPU = Release|Any CPU
	EndGlobalSection
	GlobalSection(ProjectConfigurationPlatforms) = postSolution
		{D86DBBB8-E6B1-4B96-B079-D9798EF6AC17}.Debug|Any CPU.ActiveCfg = Debug|Any CPU
		{D86DBBB8-E6B1-4B96-B079-D9798EF6AC17}.Debug|Any CPU.Build.0 = Debug|Any CPU
		{D86DBBB8-E6B1-4B96-B079-D9798EF6AC17}.Release|Any CPU.ActiveCfg = Release|Any CPU
		{D86DBBB8-E6B1-4B96-B079-D9798EF6AC17}.Release|Any CPU.Build.0 = Release|Any CPU
		{8A093BAA-293D-429A-8B61-A49D2A3D2DC2}.Debug|Any CPU.ActiveCfg = Debug|Any CPU
		{8A093BAA-293D-429A-8B61-A49D2A3D2DC2}.Debug|Any CPU.Build.0 = Debug|Any CPU
		{8A093BAA-293D-429A-8B61-A49D2A3D2DC2}.Release|Any CPU.ActiveCfg = Release|Any CPU
		{8A093BAA-293D-429A-8B61-A49D2A3D2DC2}.Release|Any CPU.Build.0 = Release|Any CPU
		{D037D804-E7CC-41F7-99F8-94B223AFFA7C}.Debug|Any CPU.ActiveCfg = Debug|Any CPU
		{D037D804-E7CC-41F7-99F8-94B223AFFA7C}.Debug|Any CPU.Build.0 = Debug|Any CPU
		{D037D804-E7CC-41F7-99F8-94B223AFFA7C}.Release|Any CPU.ActiveCfg = Release|Any CPU
		{D037D804-E7CC-41F7-99F8-94B223AFFA7C}.Release|Any CPU.Build.0 = Release|Any CPU
		{F0ED7AEF-7E48-427B-9B86-1D051CF24CE0}.Debug|Any CPU.ActiveCfg = Debug|Any CPU
		{F0ED7AEF-7E48-427B-9B86-1D051CF24CE0}.Debug|Any CPU.Build.0 = Debug|Any CPU
		{F0ED7AEF-7E48-427B-9B86-1D051CF24CE0}.Release|Any CPU.ActiveCfg = Release|Any CPU
		{F0ED7AEF-7E48-427B-9B86-1D051CF24CE0}.Release|Any CPU.Build.0 = Release|Any CPU
		{341369AA-FB13-47A3-A268-9840A8CCAD79}.Debug|Any CPU.ActiveCfg = Debug|Any CPU
		{341369AA-FB13-47A3-A268-9840A8CCAD79}.Debug|Any CPU.Build.0 = Debug|Any CPU
		{341369AA-FB13-47A3-A268-9840A8CCAD79}.Release|Any CPU.ActiveCfg = Release|Any CPU
		{341369AA-FB13-47A3-A268-9840A8CCAD79}.Release|Any CPU.Build.0 = Release|Any CPU
		{DEA34186-F582-42AD-98BD-A06387C0D9E6}.Debug|Any CPU.ActiveCfg = Debug|Any CPU
		{DEA34186-F582-42AD-98BD-A06387C0D9E6}.Debug|Any CPU.Build.0 = Debug|Any CPU
		{DEA34186-F582-42AD-98BD-A06387C0D9E6}.Release|Any CPU.ActiveCfg = Release|Any CPU
		{DEA34186-F582-42AD-98BD-A06387C0D9E6}.Release|Any CPU.Build.0 = Release|Any CPU
		{60653495-DDF3-4FA7-819F-F94D54EF48B3}.Debug|Any CPU.ActiveCfg = Debug|Any CPU
		{60653495-DDF3-4FA7-819F-F94D54EF48B3}.Debug|Any CPU.Build.0 = Debug|Any CPU
		{60653495-DDF3-4FA7-819F-F94D54EF48B3}.Release|Any CPU.ActiveCfg = Release|Any CPU
		{60653495-DDF3-4FA7-819F-F94D54EF48B3}.Release|Any CPU.Build.0 = Release|Any CPU
	EndGlobalSection
	GlobalSection(SolutionProperties) = preSolution
		HideSolutionNode = FALSE
	EndGlobalSection
	GlobalSection(NestedProjects) = preSolution
		{6EC7A4FB-54AE-4B05-B87A-E14390A74473} = {F82A7ACB-15F7-44EF-96ED-F9178351BD35}
		{0D87F307-CE3B-429C-85C6-768CACA5D401} = {F82A7ACB-15F7-44EF-96ED-F9178351BD35}
		{AF63190F-2C79-4763-BF4E-8DC9BBC15C9F} = {F82A7ACB-15F7-44EF-96ED-F9178351BD35}
		{D86DBBB8-E6B1-4B96-B079-D9798EF6AC17} = {AF63190F-2C79-4763-BF4E-8DC9BBC15C9F}
		{8A093BAA-293D-429A-8B61-A49D2A3D2DC2} = {0D87F307-CE3B-429C-85C6-768CACA5D401}
		{D037D804-E7CC-41F7-99F8-94B223AFFA7C} = {6EC7A4FB-54AE-4B05-B87A-E14390A74473}
		{923A4AEC-7AE3-4070-9800-B25598B4A9CA} = {7ECF3C30-039A-47BF-9DC8-A6B6C3096AF4}
		{A933C0EF-1D12-40C3-AE55-7420BB81CA44} = {7ECF3C30-039A-47BF-9DC8-A6B6C3096AF4}
		{5EF2635B-7E77-4B4E-860B-8C02CF497CC4} = {7ECF3C30-039A-47BF-9DC8-A6B6C3096AF4}
		{43FA1D98-B9DC-4688-A4E1-01F78F8D780A} = {7ECF3C30-039A-47BF-9DC8-A6B6C3096AF4}
		{F0ED7AEF-7E48-427B-9B86-1D051CF24CE0} = {43FA1D98-B9DC-4688-A4E1-01F78F8D780A}
		{341369AA-FB13-47A3-A268-9840A8CCAD79} = {5EF2635B-7E77-4B4E-860B-8C02CF497CC4}
		{DEA34186-F582-42AD-98BD-A06387C0D9E6} = {A933C0EF-1D12-40C3-AE55-7420BB81CA44}
		{60653495-DDF3-4FA7-819F-F94D54EF48B3} = {923A4AEC-7AE3-4070-9800-B25598B4A9CA}
	EndGlobalSection
	GlobalSection(ExtensibilityGlobals) = postSolution
		SolutionGuid = {75FF7C6C-0B85-4E27-A8CD-83205A01EC40}
	EndGlobalSection
EndGlobal
